
Microsoft Visual Studio Solution File, Format Version 12.00
# Visual Studio Version 17
VisualStudioVersion = 17.3.32811.315
MinimumVisualStudioVersion = 10.0.40219.1
Project("{9A19103F-16F7-4668-BE54-9A1E7A4F7556}") = "Sapphire Extract", "Sapphire Extract\Sapphire Extract.csproj", "{CDB16923-41F5-4EA7-B28C-53995DB76DD8}"
	ProjectSection(ProjectDependencies) = postProject
		{77C076ED-D731-49E2-8845-A95DD0729CE2} = {77C076ED-D731-49E2-8845-A95DD0729CE2}
	EndProjectSection
EndProject
Project("{9A19103F-16F7-4668-BE54-9A1E7A4F7556}") = "Sapphire Extract GUI", "Sapphire Extract GUI\Sapphire Extract GUI.csproj", "{EFBAED8B-3EA2-4961-B6FF-6A2DE418F951}"
EndProject
Project("{9A19103F-16F7-4668-BE54-9A1E7A4F7556}") = "Sapphire Extract Common", "Sapphire Extract Common\Sapphire Extract Common.csproj", "{77C076ED-D731-49E2-8845-A95DD0729CE2}"
	ProjectSection(ProjectDependencies) = postProject
		{54559634-3C88-41B5-91B9-BF4D8673733E} = {54559634-3C88-41B5-91B9-BF4D8673733E}
		{2D50C653-A514-4191-9F8C-CA85D513465C} = {2D50C653-A514-4191-9F8C-CA85D513465C}
	EndProjectSection
EndProject
Project("{2150E333-8FDC-42A3-9474-1A3956D46DE8}") = "Plugins", "Plugins", "{F064B585-78B9-44F9-95AE-B90C22B01E4E}"
EndProject
Project("{9A19103F-16F7-4668-BE54-9A1E7A4F7556}") = "Plugin Contract", "Plugin Contract\Plugin Contract.csproj", "{54559634-3C88-41B5-91B9-BF4D8673733E}"
	ProjectSection(ProjectDependencies) = postProject
		{2D50C653-A514-4191-9F8C-CA85D513465C} = {2D50C653-A514-4191-9F8C-CA85D513465C}
	EndProjectSection
EndProject
Project("{9A19103F-16F7-4668-BE54-9A1E7A4F7556}") = "TBV_Dynamix", "Plugins\TBV_Dynamix\TBV_Dynamix.csproj", "{E09B5B5F-AE6D-469D-80AB-63898782CBD9}"
	ProjectSection(ProjectDependencies) = postProject
		{54559634-3C88-41B5-91B9-BF4D8673733E} = {54559634-3C88-41B5-91B9-BF4D8673733E}
	EndProjectSection
EndProject
Project("{9A19103F-16F7-4668-BE54-9A1E7A4F7556}") = "Sapphire Extract Helpers", "Sapphire Extract Helpers\Sapphire Extract Helpers.csproj", "{2D50C653-A514-4191-9F8C-CA85D513465C}"
EndProject
Project("{9A19103F-16F7-4668-BE54-9A1E7A4F7556}") = "DAT_Gunnar", "Plugins\DAT_Gunnar\DAT_Gunnar.csproj", "{1CA49CA2-1858-457A-9F15-F1C6FC27245A}"
EndProject
Project("{9A19103F-16F7-4668-BE54-9A1E7A4F7556}") = "DEMO_ExamplePlugin", "Plugins\DEMO_ExamplePlugin\DEMO_ExamplePlugin.csproj", "{58A6784E-81C6-422F-B75D-E50BEB246C51}"
EndProject
Project("{9A19103F-16F7-4668-BE54-9A1E7A4F7556}") = "PAK_Minigolf", "Plugins\PAK_Minigolf\PAK_Minigolf.csproj", "{7180B20A-DB4C-4A2B-A107-E5BDD6C414D5}"
EndProject
Project("{9A19103F-16F7-4668-BE54-9A1E7A4F7556}") = "SYJ_Syberia", "Plugins\SYJ_Syberia\SYJ_Syberia.csproj", "{0EF0FF05-ABAD-4A56-87E5-FFB1775FED03}"
EndProject
Project("{9A19103F-16F7-4668-BE54-9A1E7A4F7556}") = "ZIP_Genaric", "Plugins\ZIP_Genaric\ZIP_Genaric.csproj", "{A7D0BC10-99FC-45A2-970F-478365172D52}"
EndProject
Project("{9A19103F-16F7-4668-BE54-9A1E7A4F7556}") = "DATA_Sandlot", "Plugins\DATA_Sandlot\DATA_Sandlot.csproj", "{BB9BF365-E98A-400C-A80F-9F0D88A074B0}"
EndProject
Project("{9A19103F-16F7-4668-BE54-9A1E7A4F7556}") = "CIF_HerInteractive", "Plugins\CIF_HerInteractive\CIF_HerInteractive.csproj", "{228E27D6-03A9-4625-9B5C-78F5CA34A80B}"
EndProject
Project("{9A19103F-16F7-4668-BE54-9A1E7A4F7556}") = "SDS_SmartSound", "Plugins\SDS_SmartSound\SDS_SmartSound.csproj", "{01E300B6-BF80-47B6-82AC-0533F5A8F26C}"
EndProject
Global
	GlobalSection(SolutionConfigurationPlatforms) = preSolution
		Debug|Any CPU = Debug|Any CPU
		Release|Any CPU = Release|Any CPU
	EndGlobalSection
	GlobalSection(ProjectConfigurationPlatforms) = postSolution
		{CDB16923-41F5-4EA7-B28C-53995DB76DD8}.Debug|Any CPU.ActiveCfg = Debug|Any CPU
		{CDB16923-41F5-4EA7-B28C-53995DB76DD8}.Debug|Any CPU.Build.0 = Debug|Any CPU
		{CDB16923-41F5-4EA7-B28C-53995DB76DD8}.Release|Any CPU.ActiveCfg = Release|Any CPU
		{CDB16923-41F5-4EA7-B28C-53995DB76DD8}.Release|Any CPU.Build.0 = Release|Any CPU
		{EFBAED8B-3EA2-4961-B6FF-6A2DE418F951}.Debug|Any CPU.ActiveCfg = Debug|Any CPU
		{EFBAED8B-3EA2-4961-B6FF-6A2DE418F951}.Debug|Any CPU.Build.0 = Debug|Any CPU
		{EFBAED8B-3EA2-4961-B6FF-6A2DE418F951}.Release|Any CPU.ActiveCfg = Release|Any CPU
		{EFBAED8B-3EA2-4961-B6FF-6A2DE418F951}.Release|Any CPU.Build.0 = Release|Any CPU
		{77C076ED-D731-49E2-8845-A95DD0729CE2}.Debug|Any CPU.ActiveCfg = Debug|Any CPU
		{77C076ED-D731-49E2-8845-A95DD0729CE2}.Debug|Any CPU.Build.0 = Debug|Any CPU
		{77C076ED-D731-49E2-8845-A95DD0729CE2}.Release|Any CPU.ActiveCfg = Release|Any CPU
		{77C076ED-D731-49E2-8845-A95DD0729CE2}.Release|Any CPU.Build.0 = Release|Any CPU
		{54559634-3C88-41B5-91B9-BF4D8673733E}.Debug|Any CPU.ActiveCfg = Debug|Any CPU
		{54559634-3C88-41B5-91B9-BF4D8673733E}.Debug|Any CPU.Build.0 = Debug|Any CPU
		{54559634-3C88-41B5-91B9-BF4D8673733E}.Release|Any CPU.ActiveCfg = Release|Any CPU
		{54559634-3C88-41B5-91B9-BF4D8673733E}.Release|Any CPU.Build.0 = Release|Any CPU
		{E09B5B5F-AE6D-469D-80AB-63898782CBD9}.Debug|Any CPU.ActiveCfg = Debug|Any CPU
		{E09B5B5F-AE6D-469D-80AB-63898782CBD9}.Debug|Any CPU.Build.0 = Debug|Any CPU
		{E09B5B5F-AE6D-469D-80AB-63898782CBD9}.Release|Any CPU.ActiveCfg = Release|Any CPU
		{E09B5B5F-AE6D-469D-80AB-63898782CBD9}.Release|Any CPU.Build.0 = Release|Any CPU
		{2D50C653-A514-4191-9F8C-CA85D513465C}.Debug|Any CPU.ActiveCfg = Debug|Any CPU
		{2D50C653-A514-4191-9F8C-CA85D513465C}.Debug|Any CPU.Build.0 = Debug|Any CPU
		{2D50C653-A514-4191-9F8C-CA85D513465C}.Release|Any CPU.ActiveCfg = Release|Any CPU
		{2D50C653-A514-4191-9F8C-CA85D513465C}.Release|Any CPU.Build.0 = Release|Any CPU
		{1CA49CA2-1858-457A-9F15-F1C6FC27245A}.Debug|Any CPU.ActiveCfg = Debug|Any CPU
		{1CA49CA2-1858-457A-9F15-F1C6FC27245A}.Debug|Any CPU.Build.0 = Debug|Any CPU
		{1CA49CA2-1858-457A-9F15-F1C6FC27245A}.Release|Any CPU.ActiveCfg = Release|Any CPU
		{1CA49CA2-1858-457A-9F15-F1C6FC27245A}.Release|Any CPU.Build.0 = Release|Any CPU
		{58A6784E-81C6-422F-B75D-E50BEB246C51}.Debug|Any CPU.ActiveCfg = Debug|Any CPU
		{58A6784E-81C6-422F-B75D-E50BEB246C51}.Debug|Any CPU.Build.0 = Debug|Any CPU
		{58A6784E-81C6-422F-B75D-E50BEB246C51}.Release|Any CPU.ActiveCfg = Release|Any CPU
		{58A6784E-81C6-422F-B75D-E50BEB246C51}.Release|Any CPU.Build.0 = Release|Any CPU
		{7180B20A-DB4C-4A2B-A107-E5BDD6C414D5}.Debug|Any CPU.ActiveCfg = Debug|Any CPU
		{7180B20A-DB4C-4A2B-A107-E5BDD6C414D5}.Debug|Any CPU.Build.0 = Debug|Any CPU
		{7180B20A-DB4C-4A2B-A107-E5BDD6C414D5}.Release|Any CPU.ActiveCfg = Release|Any CPU
		{7180B20A-DB4C-4A2B-A107-E5BDD6C414D5}.Release|Any CPU.Build.0 = Release|Any CPU
		{0EF0FF05-ABAD-4A56-87E5-FFB1775FED03}.Debug|Any CPU.ActiveCfg = Debug|Any CPU
		{0EF0FF05-ABAD-4A56-87E5-FFB1775FED03}.Debug|Any CPU.Build.0 = Debug|Any CPU
		{0EF0FF05-ABAD-4A56-87E5-FFB1775FED03}.Release|Any CPU.ActiveCfg = Release|Any CPU
		{0EF0FF05-ABAD-4A56-87E5-FFB1775FED03}.Release|Any CPU.Build.0 = Release|Any CPU
		{A7D0BC10-99FC-45A2-970F-478365172D52}.Debug|Any CPU.ActiveCfg = Debug|Any CPU
		{A7D0BC10-99FC-45A2-970F-478365172D52}.Debug|Any CPU.Build.0 = Debug|Any CPU
		{A7D0BC10-99FC-45A2-970F-478365172D52}.Release|Any CPU.ActiveCfg = Release|Any CPU
		{A7D0BC10-99FC-45A2-970F-478365172D52}.Release|Any CPU.Build.0 = Release|Any CPU
		{BB9BF365-E98A-400C-A80F-9F0D88A074B0}.Debug|Any CPU.ActiveCfg = Debug|Any CPU
		{BB9BF365-E98A-400C-A80F-9F0D88A074B0}.Debug|Any CPU.Build.0 = Debug|Any CPU
		{BB9BF365-E98A-400C-A80F-9F0D88A074B0}.Release|Any CPU.ActiveCfg = Release|Any CPU
		{BB9BF365-E98A-400C-A80F-9F0D88A074B0}.Release|Any CPU.Build.0 = Release|Any CPU
		{228E27D6-03A9-4625-9B5C-78F5CA34A80B}.Debug|Any CPU.ActiveCfg = Debug|Any CPU
		{228E27D6-03A9-4625-9B5C-78F5CA34A80B}.Debug|Any CPU.Build.0 = Debug|Any CPU
		{228E27D6-03A9-4625-9B5C-78F5CA34A80B}.Release|Any CPU.ActiveCfg = Release|Any CPU
		{228E27D6-03A9-4625-9B5C-78F5CA34A80B}.Release|Any CPU.Build.0 = Release|Any CPU
		{01E300B6-BF80-47B6-82AC-0533F5A8F26C}.Debug|Any CPU.ActiveCfg = Debug|Any CPU
		{01E300B6-BF80-47B6-82AC-0533F5A8F26C}.Debug|Any CPU.Build.0 = Debug|Any CPU
		{01E300B6-BF80-47B6-82AC-0533F5A8F26C}.Release|Any CPU.ActiveCfg = Release|Any CPU
		{01E300B6-BF80-47B6-82AC-0533F5A8F26C}.Release|Any CPU.Build.0 = Release|Any CPU
	EndGlobalSection
	GlobalSection(SolutionProperties) = preSolution
		HideSolutionNode = FALSE
	EndGlobalSection
	GlobalSection(NestedProjects) = preSolution
		{E09B5B5F-AE6D-469D-80AB-63898782CBD9} = {F064B585-78B9-44F9-95AE-B90C22B01E4E}
		{1CA49CA2-1858-457A-9F15-F1C6FC27245A} = {F064B585-78B9-44F9-95AE-B90C22B01E4E}
		{58A6784E-81C6-422F-B75D-E50BEB246C51} = {F064B585-78B9-44F9-95AE-B90C22B01E4E}
		{7180B20A-DB4C-4A2B-A107-E5BDD6C414D5} = {F064B585-78B9-44F9-95AE-B90C22B01E4E}
		{0EF0FF05-ABAD-4A56-87E5-FFB1775FED03} = {F064B585-78B9-44F9-95AE-B90C22B01E4E}
		{A7D0BC10-99FC-45A2-970F-478365172D52} = {F064B585-78B9-44F9-95AE-B90C22B01E4E}
		{BB9BF365-E98A-400C-A80F-9F0D88A074B0} = {F064B585-78B9-44F9-95AE-B90C22B01E4E}
		{228E27D6-03A9-4625-9B5C-78F5CA34A80B} = {F064B585-78B9-44F9-95AE-B90C22B01E4E}
		{01E300B6-BF80-47B6-82AC-0533F5A8F26C} = {F064B585-78B9-44F9-95AE-B90C22B01E4E}
	EndGlobalSection
	GlobalSection(ExtensibilityGlobals) = postSolution
		SolutionGuid = {626CEA91-A434-47DA-A700-E1FE9BAF0E89}
	EndGlobalSection
EndGlobal
